// !$*UTF8*$!
{
	archiveVersion = 1;
	classes = {
	};
	objectVersion = 46;
	objects = {

/* Begin PBXBuildFile section */
		36635A691D597D650064D7BB /* OMSDBCondition.m in Sources */ = {isa = PBXBuildFile; fileRef = 36635A681D597D650064D7BB /* OMSDBCondition.m */; };
		36D8E7501D548A63001BF12C /* OMSDBTests.m in Sources */ = {isa = PBXBuildFile; fileRef = 36D8E74F1D548A63001BF12C /* OMSDBTests.m */; };
		36EEA04A1D4C7EBD007AF391 /* main.m in Sources */ = {isa = PBXBuildFile; fileRef = 36EEA0491D4C7EBD007AF391 /* main.m */; };
		36EEA04D1D4C7EBD007AF391 /* AppDelegate.m in Sources */ = {isa = PBXBuildFile; fileRef = 36EEA04C1D4C7EBD007AF391 /* AppDelegate.m */; };
		36EEA0501D4C7EBD007AF391 /* ViewController.m in Sources */ = {isa = PBXBuildFile; fileRef = 36EEA04F1D4C7EBD007AF391 /* ViewController.m */; };
		36EEA0531D4C7EBD007AF391 /* Main.storyboard in Resources */ = {isa = PBXBuildFile; fileRef = 36EEA0511D4C7EBD007AF391 /* Main.storyboard */; };
		36EEA0551D4C7EBD007AF391 /* Assets.xcassets in Resources */ = {isa = PBXBuildFile; fileRef = 36EEA0541D4C7EBD007AF391 /* Assets.xcassets */; };
		36EEA0581D4C7EBD007AF391 /* LaunchScreen.storyboard in Resources */ = {isa = PBXBuildFile; fileRef = 36EEA0561D4C7EBD007AF391 /* LaunchScreen.storyboard */; };
		36EEA0611D4C7EF0007AF391 /* libsqlite3.tbd in Frameworks */ = {isa = PBXBuildFile; fileRef = 36EEA0601D4C7EF0007AF391 /* libsqlite3.tbd */; };
		36EEA0641D4C7F11007AF391 /* OMSDBSession.m in Sources */ = {isa = PBXBuildFile; fileRef = 36EEA0631D4C7F11007AF391 /* OMSDBSession.m */; };
		36EEA0671D4C7FB9007AF391 /* OMSDBObject.m in Sources */ = {isa = PBXBuildFile; fileRef = 36EEA0661D4C7FB9007AF391 /* OMSDBObject.m */; };
		36EEA06A1D4C852F007AF391 /* UserObject.m in Sources */ = {isa = PBXBuildFile; fileRef = 36EEA0691D4C852F007AF391 /* UserObject.m */; };
		36EEA06D1D4EF9A9007AF391 /* OMSDBSQLQueue.m in Sources */ = {isa = PBXBuildFile; fileRef = 36EEA06C1D4EF9A9007AF391 /* OMSDBSQLQueue.m */; };
		36EEA0701D4F1D58007AF391 /* OMSDBSQLMaker.m in Sources */ = {isa = PBXBuildFile; fileRef = 36EEA06F1D4F1D58007AF391 /* OMSDBSQLMaker.m */; };
/* End PBXBuildFile section */

/* Begin PBXContainerItemProxy section */
		36D8E7521D548A63001BF12C /* PBXContainerItemProxy */ = {
			isa = PBXContainerItemProxy;
			containerPortal = 36EEA03D1D4C7EBD007AF391 /* Project object */;
			proxyType = 1;
			remoteGlobalIDString = 36EEA0441D4C7EBD007AF391;
			remoteInfo = OMSDB;
		};
/* End PBXContainerItemProxy section */

/* Begin PBXFileReference section */
		36635A671D597D650064D7BB /* OMSDBCondition.h */ = {isa = PBXFileReference; fileEncoding = 4; lastKnownFileType = sourcecode.c.h; path = OMSDBCondition.h; sourceTree = "<group>"; };
		36635A681D597D650064D7BB /* OMSDBCondition.m */ = {isa = PBXFileReference; fileEncoding = 4; lastKnownFileType = sourcecode.c.objc; path = OMSDBCondition.m; sourceTree = "<group>"; };
		36D8E74D1D548A63001BF12C /* OMSDBTests.xctest */ = {isa = PBXFileReference; explicitFileType = wrapper.cfbundle; includeInIndex = 0; path = OMSDBTests.xctest; sourceTree = BUILT_PRODUCTS_DIR; };
		36D8E74F1D548A63001BF12C /* OMSDBTests.m */ = {isa = PBXFileReference; lastKnownFileType = sourcecode.c.objc; path = OMSDBTests.m; sourceTree = "<group>"; };
		36D8E7511D548A63001BF12C /* Info.plist */ = {isa = PBXFileReference; lastKnownFileType = text.plist.xml; path = Info.plist; sourceTree = "<group>"; };
		36EEA0451D4C7EBD007AF391 /* OMSDB.app */ = {isa = PBXFileReference; explicitFileType = wrapper.application; includeInIndex = 0; path = OMSDB.app; sourceTree = BUILT_PRODUCTS_DIR; };
		36EEA0491D4C7EBD007AF391 /* main.m */ = {isa = PBXFileReference; lastKnownFileType = sourcecode.c.objc; path = main.m; sourceTree = "<group>"; };
		36EEA04B1D4C7EBD007AF391 /* AppDelegate.h */ = {isa = PBXFileReference; lastKnownFileType = sourcecode.c.h; path = AppDelegate.h; sourceTree = "<group>"; };
		36EEA04C1D4C7EBD007AF391 /* AppDelegate.m */ = {isa = PBXFileReference; lastKnownFileType = sourcecode.c.objc; path = AppDelegate.m; sourceTree = "<group>"; };
		36EEA04E1D4C7EBD007AF391 /* ViewController.h */ = {isa = PBXFileReference; lastKnownFileType = sourcecode.c.h; path = ViewController.h; sourceTree = "<group>"; };
		36EEA04F1D4C7EBD007AF391 /* ViewController.m */ = {isa = PBXFileReference; lastKnownFileType = sourcecode.c.objc; path = ViewController.m; sourceTree = "<group>"; };
		36EEA0521D4C7EBD007AF391 /* Base */ = {isa = PBXFileReference; lastKnownFileType = file.storyboard; name = Base; path = Base.lproj/Main.storyboard; sourceTree = "<group>"; };
		36EEA0541D4C7EBD007AF391 /* Assets.xcassets */ = {isa = PBXFileReference; lastKnownFileType = folder.assetcatalog; path = Assets.xcassets; sourceTree = "<group>"; };
		36EEA0571D4C7EBD007AF391 /* Base */ = {isa = PBXFileReference; lastKnownFileType = file.storyboard; name = Base; path = Base.lproj/LaunchScreen.storyboard; sourceTree = "<group>"; };
		36EEA0591D4C7EBD007AF391 /* Info.plist */ = {isa = PBXFileReference; lastKnownFileType = text.plist.xml; path = Info.plist; sourceTree = "<group>"; };
		36EEA0601D4C7EF0007AF391 /* libsqlite3.tbd */ = {isa = PBXFileReference; lastKnownFileType = "sourcecode.text-based-dylib-definition"; name = libsqlite3.tbd; path = usr/lib/libsqlite3.tbd; sourceTree = SDKROOT; };
		36EEA0621D4C7F11007AF391 /* OMSDBSession.h */ = {isa = PBXFileReference; fileEncoding = 4; lastKnownFileType = sourcecode.c.h; path = OMSDBSession.h; sourceTree = "<group>"; };
		36EEA0631D4C7F11007AF391 /* OMSDBSession.m */ = {isa = PBXFileReference; fileEncoding = 4; lastKnownFileType = sourcecode.c.objc; path = OMSDBSession.m; sourceTree = "<group>"; };
		36EEA0651D4C7FB9007AF391 /* OMSDBObject.h */ = {isa = PBXFileReference; fileEncoding = 4; lastKnownFileType = sourcecode.c.h; path = OMSDBObject.h; sourceTree = "<group>"; };
		36EEA0661D4C7FB9007AF391 /* OMSDBObject.m */ = {isa = PBXFileReference; fileEncoding = 4; lastKnownFileType = sourcecode.c.objc; path = OMSDBObject.m; sourceTree = "<group>"; };
		36EEA0681D4C852F007AF391 /* UserObject.h */ = {isa = PBXFileReference; fileEncoding = 4; lastKnownFileType = sourcecode.c.h; path = UserObject.h; sourceTree = "<group>"; };
		36EEA0691D4C852F007AF391 /* UserObject.m */ = {isa = PBXFileReference; fileEncoding = 4; lastKnownFileType = sourcecode.c.objc; path = UserObject.m; sourceTree = "<group>"; };
		36EEA06B1D4EF9A9007AF391 /* OMSDBSQLQueue.h */ = {isa = PBXFileReference; fileEncoding = 4; lastKnownFileType = sourcecode.c.h; path = OMSDBSQLQueue.h; sourceTree = "<group>"; };
		36EEA06C1D4EF9A9007AF391 /* OMSDBSQLQueue.m */ = {isa = PBXFileReference; fileEncoding = 4; lastKnownFileType = sourcecode.c.objc; path = OMSDBSQLQueue.m; sourceTree = "<group>"; };
		36EEA06E1D4F1D58007AF391 /* OMSDBSQLMaker.h */ = {isa = PBXFileReference; fileEncoding = 4; lastKnownFileType = sourcecode.c.h; path = OMSDBSQLMaker.h; sourceTree = "<group>"; };
		36EEA06F1D4F1D58007AF391 /* OMSDBSQLMaker.m */ = {isa = PBXFileReference; fileEncoding = 4; lastKnownFileType = sourcecode.c.objc; path = OMSDBSQLMaker.m; sourceTree = "<group>"; };
/* End PBXFileReference section */

/* Begin PBXFrameworksBuildPhase section */
		36D8E74A1D548A63001BF12C /* Frameworks */ = {
			isa = PBXFrameworksBuildPhase;
			buildActionMask = 2147483647;
			files = (
			);
			runOnlyForDeploymentPostprocessing = 0;
		};
		36EEA0421D4C7EBD007AF391 /* Frameworks */ = {
			isa = PBXFrameworksBuildPhase;
			buildActionMask = 2147483647;
			files = (
				36EEA0611D4C7EF0007AF391 /* libsqlite3.tbd in Frameworks */,
			);
			runOnlyForDeploymentPostprocessing = 0;
		};
/* End PBXFrameworksBuildPhase section */

/* Begin PBXGroup section */
		3639CA0E1D50A0FB00A56BFC /* depress */ = {
			isa = PBXGroup;
			children = (
				36EEA06E1D4F1D58007AF391 /* OMSDBSQLMaker.h */,
				36EEA06F1D4F1D58007AF391 /* OMSDBSQLMaker.m */,
			);
			name = depress;
			sourceTree = "<group>";
		};
		36D8E74E1D548A63001BF12C /* OMSDBTests */ = {
			isa = PBXGroup;
			children = (
				36D8E74F1D548A63001BF12C /* OMSDBTests.m */,
				36D8E7511D548A63001BF12C /* Info.plist */,
			);
			path = OMSDBTests;
			sourceTree = "<group>";
		};
		36EEA03C1D4C7EBD007AF391 = {
			isa = PBXGroup;
			children = (
				36EEA0601D4C7EF0007AF391 /* libsqlite3.tbd */,
				36EEA0471D4C7EBD007AF391 /* OMSDB */,
				36D8E74E1D548A63001BF12C /* OMSDBTests */,
				36EEA0461D4C7EBD007AF391 /* Products */,
			);
			sourceTree = "<group>";
		};
		36EEA0461D4C7EBD007AF391 /* Products */ = {
			isa = PBXGroup;
			children = (
				36EEA0451D4C7EBD007AF391 /* OMSDB.app */,
				36D8E74D1D548A63001BF12C /* OMSDBTests.xctest */,
			);
			name = Products;
			sourceTree = "<group>";
		};
		36EEA0471D4C7EBD007AF391 /* OMSDB */ = {
			isa = PBXGroup;
			children = (
				36EEA05F1D4C7EC5007AF391 /* OMSDB */,
				36EEA04B1D4C7EBD007AF391 /* AppDelegate.h */,
				36EEA04C1D4C7EBD007AF391 /* AppDelegate.m */,
				36EEA04E1D4C7EBD007AF391 /* ViewController.h */,
				36EEA04F1D4C7EBD007AF391 /* ViewController.m */,
				36EEA0511D4C7EBD007AF391 /* Main.storyboard */,
				36EEA0541D4C7EBD007AF391 /* Assets.xcassets */,
				36EEA0561D4C7EBD007AF391 /* LaunchScreen.storyboard */,
				36EEA0591D4C7EBD007AF391 /* Info.plist */,
				36EEA0481D4C7EBD007AF391 /* Supporting Files */,
			);
			path = OMSDB;
			sourceTree = "<group>";
		};
		36EEA0481D4C7EBD007AF391 /* Supporting Files */ = {
			isa = PBXGroup;
			children = (
				36EEA0491D4C7EBD007AF391 /* main.m */,
			);
			name = "Supporting Files";
			sourceTree = "<group>";
		};
		36EEA05F1D4C7EC5007AF391 /* OMSDB */ = {
			isa = PBXGroup;
			children = (
				3639CA0E1D50A0FB00A56BFC /* depress */,
				36EEA06B1D4EF9A9007AF391 /* OMSDBSQLQueue.h */,
				36EEA06C1D4EF9A9007AF391 /* OMSDBSQLQueue.m */,
				36EEA0621D4C7F11007AF391 /* OMSDBSession.h */,
				36EEA0631D4C7F11007AF391 /* OMSDBSession.m */,
				36EEA0651D4C7FB9007AF391 /* OMSDBObject.h */,
				36EEA0661D4C7FB9007AF391 /* OMSDBObject.m */,
				36EEA0681D4C852F007AF391 /* UserObject.h */,
				36EEA0691D4C852F007AF391 /* UserObject.m */,
				36635A671D597D650064D7BB /* OMSDBCondition.h */,
				36635A681D597D650064D7BB /* OMSDBCondition.m */,
			);
			path = OMSDB;
			sourceTree = "<group>";
		};
/* End PBXGroup section */

/* Begin PBXNativeTarget section */
		36D8E74C1D548A63001BF12C /* OMSDBTests */ = {
			isa = PBXNativeTarget;
			buildConfigurationList = 36D8E7561D548A63001BF12C /* Build configuration list for PBXNativeTarget "OMSDBTests" */;
			buildPhases = (
				36D8E7491D548A63001BF12C /* Sources */,
				36D8E74A1D548A63001BF12C /* Frameworks */,
				36D8E74B1D548A63001BF12C /* Resources */,
			);
			buildRules = (
			);
			dependencies = (
				36D8E7531D548A63001BF12C /* PBXTargetDependency */,
			);
			name = OMSDBTests;
			productName = OMSDBTests;
			productReference = 36D8E74D1D548A63001BF12C /* OMSDBTests.xctest */;
			productType = "com.apple.product-type.bundle.unit-test";
		};
		36EEA0441D4C7EBD007AF391 /* OMSDB */ = {
			isa = PBXNativeTarget;
			buildConfigurationList = 36EEA05C1D4C7EBD007AF391 /* Build configuration list for PBXNativeTarget "OMSDB" */;
			buildPhases = (
				36EEA0411D4C7EBD007AF391 /* Sources */,
				36EEA0421D4C7EBD007AF391 /* Frameworks */,
				36EEA0431D4C7EBD007AF391 /* Resources */,
			);
			buildRules = (
			);
			dependencies = (
			);
			name = OMSDB;
			productName = OMSDB;
			productReference = 36EEA0451D4C7EBD007AF391 /* OMSDB.app */;
			productType = "com.apple.product-type.application";
		};
/* End PBXNativeTarget section */

/* Begin PBXProject section */
		36EEA03D1D4C7EBD007AF391 /* Project object */ = {
			isa = PBXProject;
			attributes = {
				LastUpgradeCheck = 0730;
				ORGANIZATIONNAME = zhuhao;
				TargetAttributes = {
					36D8E74C1D548A63001BF12C = {
						CreatedOnToolsVersion = 7.3.1;
						DevelopmentTeam = W7MTZW2A64;
						TestTargetID = 36EEA0441D4C7EBD007AF391;
					};
					36EEA0441D4C7EBD007AF391 = {
						CreatedOnToolsVersion = 7.3.1;
						DevelopmentTeam = W7MTZW2A64;
					};
				};
			};
			buildConfigurationList = 36EEA0401D4C7EBD007AF391 /* Build configuration list for PBXProject "OMSDB" */;
			compatibilityVersion = "Xcode 3.2";
			developmentRegion = English;
			hasScannedForEncodings = 0;
			knownRegions = (
				en,
				Base,
			);
			mainGroup = 36EEA03C1D4C7EBD007AF391;
			productRefGroup = 36EEA0461D4C7EBD007AF391 /* Products */;
			projectDirPath = "";
			projectRoot = "";
			targets = (
				36EEA0441D4C7EBD007AF391 /* OMSDB */,
				36D8E74C1D548A63001BF12C /* OMSDBTests */,
			);
		};
/* End PBXProject section */

/* Begin PBXResourcesBuildPhase section */
		36D8E74B1D548A63001BF12C /* Resources */ = {
			isa = PBXResourcesBuildPhase;
			buildActionMask = 2147483647;
			files = (
			);
			runOnlyForDeploymentPostprocessing = 0;
		};
		36EEA0431D4C7EBD007AF391 /* Resources */ = {
			isa = PBXResourcesBuildPhase;
			buildActionMask = 2147483647;
			files = (
				36EEA0581D4C7EBD007AF391 /* LaunchScreen.storyboard in Resources */,
				36EEA0551D4C7EBD007AF391 /* Assets.xcassets in Resources */,
				36EEA0531D4C7EBD007AF391 /* Main.storyboard in Resources */,
			);
			runOnlyForDeploymentPostprocessing = 0;
		};
/* End PBXResourcesBuildPhase section */

/* Begin PBXSourcesBuildPhase section */
		36D8E7491D548A63001BF12C /* Sources */ = {
			isa = PBXSourcesBuildPhase;
			buildActionMask = 2147483647;
			files = (
				36D8E7501D548A63001BF12C /* OMSDBTests.m in Sources */,
			);
			runOnlyForDeploymentPostprocessing = 0;
		};
		36EEA0411D4C7EBD007AF391 /* Sources */ = {
			isa = PBXSourcesBuildPhase;
			buildActionMask = 2147483647;
			files = (
				36EEA0501D4C7EBD007AF391 /* ViewController.m in Sources */,
				36EEA06D1D4EF9A9007AF391 /* OMSDBSQLQueue.m in Sources */,
				36EEA06A1D4C852F007AF391 /* UserObject.m in Sources */,
				36EEA04D1D4C7EBD007AF391 /* AppDelegate.m in Sources */,
				36EEA0641D4C7F11007AF391 /* OMSDBSession.m in Sources */,
				36635A691D597D650064D7BB /* OMSDBCondition.m in Sources */,
				36EEA04A1D4C7EBD007AF391 /* main.m in Sources */,
				36EEA0671D4C7FB9007AF391 /* OMSDBObject.m in Sources */,
				36EEA0701D4F1D58007AF391 /* OMSDBSQLMaker.m in Sources */,
			);
			runOnlyForDeploymentPostprocessing = 0;
		};
/* End PBXSourcesBuildPhase section */

/* Begin PBXTargetDependency section */
		36D8E7531D548A63001BF12C /* PBXTargetDependency */ = {
			isa = PBXTargetDependency;
			target = 36EEA0441D4C7EBD007AF391 /* OMSDB */;
			targetProxy = 36D8E7521D548A63001BF12C /* PBXContainerItemProxy */;
		};
/* End PBXTargetDependency section */

/* Begin PBXVariantGroup section */
		36EEA0511D4C7EBD007AF391 /* Main.storyboard */ = {
			isa = PBXVariantGroup;
			children = (
				36EEA0521D4C7EBD007AF391 /* Base */,
			);
			name = Main.storyboard;
			sourceTree = "<group>";
		};
		36EEA0561D4C7EBD007AF391 /* LaunchScreen.storyboard */ = {
			isa = PBXVariantGroup;
			children = (
				36EEA0571D4C7EBD007AF391 /* Base */,
			);
			name = LaunchScreen.storyboard;
			sourceTree = "<group>";
		};
/* End PBXVariantGroup section */

/* Begin XCBuildConfiguration section */
		36D8E7541D548A63001BF12C /* Debug */ = {
			isa = XCBuildConfiguration;
			buildSettings = {
				BUNDLE_LOADER = "$(TEST_HOST)";
				INFOPLIST_FILE = OMSDBTests/Info.plist;
				LD_RUNPATH_SEARCH_PATHS = "$(inherited) @executable_path/Frameworks @loader_path/Frameworks";
				PRODUCT_BUNDLE_IDENTIFIER = com.hauk.OMSDBTests;
				PRODUCT_NAME = "$(TARGET_NAME)";
				TEST_HOST = "$(BUILT_PRODUCTS_DIR)/OMSDB.app/OMSDB";
			};
			name = Debug;
		};
		36D8E7551D548A63001BF12C /* Release */ = {
			isa = XCBuildConfiguration;
			buildSettings = {
				BUNDLE_LOADER = "$(TEST_HOST)";
				INFOPLIST_FILE = OMSDBTests/Info.plist;
				LD_RUNPATH_SEARCH_PATHS = "$(inherited) @executable_path/Frameworks @loader_path/Frameworks";
				PRODUCT_BUNDLE_IDENTIFIER = com.hauk.OMSDBTests;
				PRODUCT_NAME = "$(TARGET_NAME)";
				TEST_HOST = "$(BUILT_PRODUCTS_DIR)/OMSDB.app/OMSDB";
			};
			name = Release;
		};
		36EEA05A1D4C7EBD007AF391 /* Debug */ = {
			isa = XCBuildConfiguration;
			buildSettings = {
				ALWAYS_SEARCH_USER_PATHS = NO;
				CLANG_ANALYZER_NONNULL = YES;
				CLANG_CXX_LANGUAGE_STANDARD = "gnu++0x";
				CLANG_CXX_LIBRARY = "libc++";
				CLANG_ENABLE_MODULES = YES;
				CLANG_ENABLE_OBJC_ARC = YES;
				CLANG_WARN_BOOL_CONVERSION = YES;
				CLANG_WARN_CONSTANT_CONVERSION = YES;
				CLANG_WARN_DIRECT_OBJC_ISA_USAGE = YES_ERROR;
				CLANG_WARN_EMPTY_BODY = YES;
				CLANG_WARN_ENUM_CONVERSION = YES;
				CLANG_WARN_INT_CONVERSION = YES;
				CLANG_WARN_OBJC_ROOT_CLASS = YES_ERROR;
				CLANG_WARN_UNREACHABLE_CODE = YES;
				CLANG_WARN__DUPLICATE_METHOD_MATCH = YES;
				"CODE_SIGN_IDENTITY[sdk=iphoneos*]" = "iPhone Developer";
				COPY_PHASE_STRIP = NO;
				DEBUG_INFORMATION_FORMAT = dwarf;
				ENABLE_STRICT_OBJC_MSGSEND = YES;
				ENABLE_TESTABILITY = YES;
				GCC_C_LANGUAGE_STANDARD = gnu99;
				GCC_DYNAMIC_NO_PIC = NO;
				GCC_NO_COMMON_BLOCKS = YES;
				GCC_OPTIMIZATION_LEVEL = 0;
				GCC_PREPROCESSOR_DEFINITIONS = (
					"DEBUG=1",
					"$(inherited)",
				);
				GCC_WARN_64_TO_32_BIT_CONVERSION = YES;
				GCC_WARN_ABOUT_RETURN_TYPE = YES_ERROR;
				GCC_WARN_UNDECLARED_SELECTOR = YES;
				GCC_WARN_UNINITIALIZED_AUTOS = YES_AGGRESSIVE;
				GCC_WARN_UNUSED_FUNCTION = YES;
				GCC_WARN_UNUSED_VARIABLE = YES;
				IPHONEOS_DEPLOYMENT_TARGET = 9.3;
				MTL_ENABLE_DEBUG_INFO = YES;
				ONLY_ACTIVE_ARCH = YES;
				SDKROOT = iphoneos;
				TARGETED_DEVICE_FAMILY = "1,2";
			};
			name = Debug;
		};
		36EEA05B1D4C7EBD007AF391 /* Release */ = {
			isa = XCBuildConfiguration;
			buildSettings = {
				ALWAYS_SEARCH_USER_PATHS = NO;
				CLANG_ANALYZER_NONNULL = YES;
				CLANG_CXX_LANGUAGE_STANDARD = "gnu++0x";
				CLANG_CXX_LIBRARY = "libc++";
				CLANG_ENABLE_MODULES = YES;
				CLANG_ENABLE_OBJC_ARC = YES;
				CLANG_WARN_BOOL_CONVERSION = YES;
				CLANG_WARN_CONSTANT_CONVERSION = YES;
				CLANG_WARN_DIRECT_OBJC_ISA_USAGE = YES_ERROR;
				CLANG_WARN_EMPTY_BODY = YES;
				CLANG_WARN_ENUM_CONVERSION = YES;
				CLANG_WARN_INT_CONVERSION = YES;
				CLANG_WARN_OBJC_ROOT_CLASS = YES_ERROR;
				CLANG_WARN_UNREACHABLE_CODE = YES;
				CLANG_WARN__DUPLICATE_METHOD_MATCH = YES;
				"CODE_SIGN_IDENTITY[sdk=iphoneos*]" = "iPhone Developer";
				COPY_PHASE_STRIP = NO;
				DEBUG_INFORMATION_FORMAT = "dwarf-with-dsym";
				ENABLE_NS_ASSERTIONS = NO;
				ENABLE_STRICT_OBJC_MSGSEND = YES;
				GCC_C_LANGUAGE_STANDARD = gnu99;
				GCC_NO_COMMON_BLOCKS = YES;
				GCC_WARN_64_TO_32_BIT_CONVERSION = YES;
				GCC_WARN_ABOUT_RETURN_TYPE = YES_ERROR;
				GCC_WARN_UNDECLARED_SELECTOR = YES;
				GCC_WARN_UNINITIALIZED_AUTOS = YES_AGGRESSIVE;
				GCC_WARN_UNUSED_FUNCTION = YES;
				GCC_WARN_UNUSED_VARIABLE = YES;
				IPHONEOS_DEPLOYMENT_TARGET = 9.3;
				MTL_ENABLE_DEBUG_INFO = NO;
				SDKROOT = iphoneos;
				TARGETED_DEVICE_FAMILY = "1,2";
				VALIDATE_PRODUCT = YES;
			};
			name = Release;
		};
		36EEA05D1D4C7EBD007AF391 /* Debug */ = {
			isa = XCBuildConfiguration;
			buildSettings = {
				ASSETCATALOG_COMPILER_APPICON_NAME = AppIcon;
				INFOPLIST_FILE = OMSDB/Info.plist;
				LD_RUNPATH_SEARCH_PATHS = "$(inherited) @executable_path/Frameworks";
				PRODUCT_BUNDLE_IDENTIFIER = com.hauk.OMSDB;
				PRODUCT_NAME = "$(TARGET_NAME)";
			};
			name = Debug;
		};
		36EEA05E1D4C7EBD007AF391 /* Release */ = {
			isa = XCBuildConfiguration;
			buildSettings = {
				ASSETCATALOG_COMPILER_APPICON_NAME = AppIcon;
				INFOPLIST_FILE = OMSDB/Info.plist;
				LD_RUNPATH_SEARCH_PATHS = "$(inherited) @executable_path/Frameworks";
				PRODUCT_BUNDLE_IDENTIFIER = com.hauk.OMSDB;
				PRODUCT_NAME = "$(TARGET_NAME)";
			};
			name = Release;
		};
/* End XCBuildConfiguration section */

/* Begin XCConfigurationList section */
		36D8E7561D548A63001BF12C /* Build configuration list for PBXNativeTarget "OMSDBTests" */ = {
			isa = XCConfigurationList;
			buildConfigurations = (
				36D8E7541D548A63001BF12C /* Debug */,
				36D8E7551D548A63001BF12C /* Release */,
			);
			defaultConfigurationIsVisible = 0;
			defaultConfigurationName = Release;
		};
		36EEA0401D4C7EBD007AF391 /* Build configuration list for PBXProject "OMSDB" */ = {
			isa = XCConfigurationList;
			buildConfigurations = (
				36EEA05A1D4C7EBD007AF391 /* Debug */,
				36EEA05B1D4C7EBD007AF391 /* Release */,
			);
			defaultConfigurationIsVisible = 0;
			defaultConfigurationName = Release;
		};
		36EEA05C1D4C7EBD007AF391 /* Build configuration list for PBXNativeTarget "OMSDB" */ = {
			isa = XCConfigurationList;
			buildConfigurations = (
				36EEA05D1D4C7EBD007AF391 /* Debug */,
				36EEA05E1D4C7EBD007AF391 /* Release */,
			);
			defaultConfigurationIsVisible = 0;
			defaultConfigurationName = Release;
		};
/* End XCConfigurationList section */
	};
	rootObject = 36EEA03D1D4C7EBD007AF391 /* Project object */;
}
